
Microsoft Visual Studio Solution File, Format Version 12.00
# Visual Studio Version 16
VisualStudioVersion = 16.0.33529.622
MinimumVisualStudioVersion = 10.0.40219.1
Project("{FAE04EC0-301F-11D3-BF4B-00C04F79EFBC}") = "Portal-Cadastrar", "Portal-Cadastrar\Portal-Cadastrar.csproj", "{8C681D23-4BD7-4BF2-8C7E-0087D0CF725C}"
EndProject
Global
	GlobalSection(SolutionConfigurationPlatforms) = preSolution
		Debug|Any CPU = Debug|Any CPU
		Release|Any CPU = Release|Any CPU
	EndGlobalSection
	GlobalSection(ProjectConfigurationPlatforms) = postSolution
		{8C681D23-4BD7-4BF2-8C7E-0087D0CF725C}.Debug|Any CPU.ActiveCfg = Debug|Any CPU
		{8C681D23-4BD7-4BF2-8C7E-0087D0CF725C}.Debug|Any CPU.Build.0 = Debug|Any CPU
		{8C681D23-4BD7-4BF2-8C7E-0087D0CF725C}.Release|Any CPU.ActiveCfg = Release|Any CPU
		{8C681D23-4BD7-4BF2-8C7E-0087D0CF725C}.Release|Any CPU.Build.0 = Release|Any CPU
	EndGlobalSection
	GlobalSection(SolutionProperties) = preSolution
		HideSolutionNode = FALSE
	EndGlobalSection
	GlobalSection(ExtensibilityGlobals) = postSolution
		SolutionGuid = {7197F867-B7F7-4E68-9521-17AB0B618AC9}
	EndGlobalSection
EndGlobal
